// !$*UTF8*$!
{
	archiveVersion = 1;
	classes = {
	};
	objectVersion = 46;
	objects = {

/* Begin PBXBuildFile section */
		C5DD15871C297E9B009208ED /* AppDelegate.swift in Sources */ = {isa = PBXBuildFile; fileRef = C5DD15861C297E9B009208ED /* AppDelegate.swift */; };
		C5DD15891C297E9B009208ED /* ViewController.swift in Sources */ = {isa = PBXBuildFile; fileRef = C5DD15881C297E9B009208ED /* ViewController.swift */; };
		C5DD158C1C297E9B009208ED /* Main.storyboard in Resources */ = {isa = PBXBuildFile; fileRef = C5DD158A1C297E9B009208ED /* Main.storyboard */; };
		C5DD158E1C297E9B009208ED /* Assets.xcassets in Resources */ = {isa = PBXBuildFile; fileRef = C5DD158D1C297E9B009208ED /* Assets.xcassets */; };
		C5DD15911C297E9B009208ED /* LaunchScreen.storyboard in Resources */ = {isa = PBXBuildFile; fileRef = C5DD158F1C297E9B009208ED /* LaunchScreen.storyboard */; };
		C5DD15991C2986A2009208ED /* pokemon.csv in Resources */ = {isa = PBXBuildFile; fileRef = C5DD15981C2986A2009208ED /* pokemon.csv */; };
/* End PBXBuildFile section */

/* Begin PBXFileReference section */
		C5DD15831C297E9B009208ED /* pokedex-by-dec.app */ = {isa = PBXFileReference; explicitFileType = wrapper.application; includeInIndex = 0; path = "pokedex-by-dec.app"; sourceTree = BUILT_PRODUCTS_DIR; };
		C5DD15861C297E9B009208ED /* AppDelegate.swift */ = {isa = PBXFileReference; lastKnownFileType = sourcecode.swift; path = AppDelegate.swift; sourceTree = "<group>"; };
		C5DD15881C297E9B009208ED /* ViewController.swift */ = {isa = PBXFileReference; lastKnownFileType = sourcecode.swift; path = ViewController.swift; sourceTree = "<group>"; };
		C5DD158B1C297E9B009208ED /* Base */ = {isa = PBXFileReference; lastKnownFileType = file.storyboard; name = Base; path = Base.lproj/Main.storyboard; sourceTree = "<group>"; };
		C5DD158D1C297E9B009208ED /* Assets.xcassets */ = {isa = PBXFileReference; lastKnownFileType = folder.assetcatalog; path = Assets.xcassets; sourceTree = "<group>"; };
		C5DD15901C297E9B009208ED /* Base */ = {isa = PBXFileReference; lastKnownFileType = file.storyboard; name = Base; path = Base.lproj/LaunchScreen.storyboard; sourceTree = "<group>"; };
		C5DD15921C297E9B009208ED /* Info.plist */ = {isa = PBXFileReference; lastKnownFileType = text.plist.xml; path = Info.plist; sourceTree = "<group>"; };
		C5DD15981C2986A2009208ED /* pokemon.csv */ = {isa = PBXFileReference; fileEncoding = 4; lastKnownFileType = text; path = pokemon.csv; sourceTree = "<group>"; };
/* End PBXFileReference section */

/* Begin PBXFrameworksBuildPhase section */
		C5DD15801C297E9B009208ED /* Frameworks */ = {
			isa = PBXFrameworksBuildPhase;
			buildActionMask = 2147483647;
			files = (
			);
			runOnlyForDeploymentPostprocessing = 0;
		};
/* End PBXFrameworksBuildPhase section */

/* Begin PBXGroup section */
		C5DD157A1C297E9B009208ED = {
			isa = PBXGroup;
			children = (
				C5DD15851C297E9B009208ED /* pokedex-by-dec */,
				C5DD15841C297E9B009208ED /* Products */,
			);
			sourceTree = "<group>";
		};
		C5DD15841C297E9B009208ED /* Products */ = {
			isa = PBXGroup;
			children = (
				C5DD15831C297E9B009208ED /* pokedex-by-dec.app */,
			);
			name = Products;
			sourceTree = "<group>";
		};
		C5DD15851C297E9B009208ED /* pokedex-by-dec */ = {
			isa = PBXGroup;
			children = (
				C5DD15861C297E9B009208ED /* AppDelegate.swift */,
				C5DD15881C297E9B009208ED /* ViewController.swift */,
				C5DD15981C2986A2009208ED /* pokemon.csv */,
				C5DD158A1C297E9B009208ED /* Main.storyboard */,
				C5DD158D1C297E9B009208ED /* Assets.xcassets */,
				C5DD158F1C297E9B009208ED /* LaunchScreen.storyboard */,
				C5DD15921C297E9B009208ED /* Info.plist */,
			);
			path = "pokedex-by-dec";
			sourceTree = "<group>";
		};
/* End PBXGroup section */

/* Begin PBXNativeTarget section */
		C5DD15821C297E9B009208ED /* pokedex-by-dec */ = {
			isa = PBXNativeTarget;
			buildConfigurationList = C5DD15951C297E9B009208ED /* Build configuration list for PBXNativeTarget "pokedex-by-dec" */;
			buildPhases = (
				C5DD157F1C297E9B009208ED /* Sources */,
				C5DD15801C297E9B009208ED /* Frameworks */,
				C5DD15811C297E9B009208ED /* Resources */,
			);
			buildRules = (
			);
			dependencies = (
			);
			name = "pokedex-by-dec";
			productName = "pokedex-by-dec";
			productReference = C5DD15831C297E9B009208ED /* pokedex-by-dec.app */;
			productType = "com.apple.product-type.application";
		};
/* End PBXNativeTarget section */

/* Begin PBXProject section */
		C5DD157B1C297E9B009208ED /* Project object */ = {
			isa = PBXProject;
			attributes = {
				LastSwiftUpdateCheck = 0720;
				LastUpgradeCheck = 0720;
				ORGANIZATIONNAME = Au;
				TargetAttributes = {
					C5DD15821C297E9B009208ED = {
						CreatedOnToolsVersion = 7.2;
					};
				};
			};
			buildConfigurationList = C5DD157E1C297E9B009208ED /* Build configuration list for PBXProject "pokedex-by-dec" */;
			compatibilityVersion = "Xcode 3.2";
			developmentRegion = English;
			hasScannedForEncodings = 0;
			knownRegions = (
				en,
				Base,
			);
			mainGroup = C5DD157A1C297E9B009208ED;
			productRefGroup = C5DD15841C297E9B009208ED /* Products */;
			projectDirPath = "";
			projectRoot = "";
			targets = (
				C5DD15821C297E9B009208ED /* pokedex-by-dec */,
			);
		};
/* End PBXProject section */

/* Begin PBXResourcesBuildPhase section */
		C5DD15811C297E9B009208ED /* Resources */ = {
			isa = PBXResourcesBuildPhase;
			buildActionMask = 2147483647;
			files = (
				C5DD15911C297E9B009208ED /* LaunchScreen.storyboard in Resources */,
				C5DD158E1C297E9B009208ED /* Assets.xcassets in Resources */,
				C5DD15991C2986A2009208ED /* pokemon.csv in Resources */,
				C5DD158C1C297E9B009208ED /* Main.storyboard in Resources */,
			);
			runOnlyForDeploymentPostprocessing = 0;
		};
/* End PBXResourcesBuildPhase section */

/* Begin PBXSourcesBuildPhase section */
		C5DD157F1C297E9B009208ED /* Sources */ = {
			isa = PBXSourcesBuildPhase;
			buildActionMask = 2147483647;
			files = (
				C5DD15891C297E9B009208ED /* ViewController.swift in Sources */,
				C5DD15871C297E9B009208ED /* AppDelegate.swift in Sources */,
			);
			runOnlyForDeploymentPostprocessing = 0;
		};
/* End PBXSourcesBuildPhase section */

/* Begin PBXVariantGroup section */
		C5DD158A1C297E9B009208ED /* Main.storyboard */ = {
			isa = PBXVariantGroup;
			children = (
				C5DD158B1C297E9B009208ED /* Base */,
			);
			name = Main.storyboard;
			sourceTree = "<group>";
		};
		C5DD158F1C297E9B009208ED /* LaunchScreen.storyboard */ = {
			isa = PBXVariantGroup;
			children = (
				C5DD15901C297E9B009208ED /* Base */,
			);
			name = LaunchScreen.storyboard;
			sourceTree = "<group>";
		};
/* End PBXVariantGroup section */

/* Begin XCBuildConfiguration section */
		C5DD15931C297E9B009208ED /* Debug */ = {
			isa = XCBuildConfiguration;
			buildSettings = {
				ALWAYS_SEARCH_USER_PATHS = NO;
				CLANG_CXX_LANGUAGE_STANDARD = "gnu++0x";
				CLANG_CXX_LIBRARY = "libc++";
				CLANG_ENABLE_MODULES = YES;
				CLANG_ENABLE_OBJC_ARC = YES;
				CLANG_WARN_BOOL_CONVERSION = YES;
				CLANG_WARN_CONSTANT_CONVERSION = YES;
				CLANG_WARN_DIRECT_OBJC_ISA_USAGE = YES_ERROR;
				CLANG_WARN_EMPTY_BODY = YES;
				CLANG_WARN_ENUM_CONVERSION = YES;
				CLANG_WARN_INT_CONVERSION = YES;
				CLANG_WARN_OBJC_ROOT_CLASS = YES_ERROR;
				CLANG_WARN_UNREACHABLE_CODE = YES;
				CLANG_WARN__DUPLICATE_METHOD_MATCH = YES;
				"CODE_SIGN_IDENTITY[sdk=iphoneos*]" = "iPhone Developer";
				COPY_PHASE_STRIP = NO;
				DEBUG_INFORMATION_FORMAT = dwarf;
				ENABLE_STRICT_OBJC_MSGSEND = YES;
				ENABLE_TESTABILITY = YES;
				GCC_C_LANGUAGE_STANDARD = gnu99;
				GCC_DYNAMIC_NO_PIC = NO;
				GCC_NO_COMMON_BLOCKS = YES;
				GCC_OPTIMIZATION_LEVEL = 0;
				GCC_PREPROCESSOR_DEFINITIONS = (
					"DEBUG=1",
					"$(inherited)",
				);
				GCC_WARN_64_TO_32_BIT_CONVERSION = YES;
				GCC_WARN_ABOUT_RETURN_TYPE = YES_ERROR;
				GCC_WARN_UNDECLARED_SELECTOR = YES;
				GCC_WARN_UNINITIALIZED_AUTOS = YES_AGGRESSIVE;
				GCC_WARN_UNUSED_FUNCTION = YES;
				GCC_WARN_UNUSED_VARIABLE = YES;
				IPHONEOS_DEPLOYMENT_TARGET = 9.2;
				MTL_ENABLE_DEBUG_INFO = YES;
				ONLY_ACTIVE_ARCH = YES;
				SDKROOT = iphoneos;
				SWIFT_OPTIMIZATION_LEVEL = "-Onone";
				TARGETED_DEVICE_FAMILY = "1,2";
			};
			name = Debug;
		};
		C5DD15941C297E9B009208ED /* Release */ = {
			isa = XCBuildConfiguration;
			buildSettings = {
				ALWAYS_SEARCH_USER_PATHS = NO;
				CLANG_CXX_LANGUAGE_STANDARD = "gnu++0x";
				CLANG_CXX_LIBRARY = "libc++";
				CLANG_ENABLE_MODULES = YES;
				CLANG_ENABLE_OBJC_ARC = YES;
				CLANG_WARN_BOOL_CONVERSION = YES;
				CLANG_WARN_CONSTANT_CONVERSION = YES;
				CLANG_WARN_DIRECT_OBJC_ISA_USAGE = YES_ERROR;
				CLANG_WARN_EMPTY_BODY = YES;
				CLANG_WARN_ENUM_CONVERSION = YES;
				CLANG_WARN_INT_CONVERSION = YES;
				CLANG_WARN_OBJC_ROOT_CLASS = YES_ERROR;
				CLANG_WARN_UNREACHABLE_CODE = YES;
				CLANG_WARN__DUPLICATE_METHOD_MATCH = YES;
				"CODE_SIGN_IDENTITY[sdk=iphoneos*]" = "iPhone Developer";
				COPY_PHASE_STRIP = NO;
				DEBUG_INFORMATION_FORMAT = "dwarf-with-dsym";
				ENABLE_NS_ASSERTIONS = NO;
				ENABLE_STRICT_OBJC_MSGSEND = YES;
				GCC_C_LANGUAGE_STANDARD = gnu99;
				GCC_NO_COMMON_BLOCKS = YES;
				GCC_WARN_64_TO_32_BIT_CONVERSION = YES;
				GCC_WARN_ABOUT_RETURN_TYPE = YES_ERROR;
				GCC_WARN_UNDECLARED_SELECTOR = YES;
				GCC_WARN_UNINITIALIZED_AUTOS = YES_AGGRESSIVE;
				GCC_WARN_UNUSED_FUNCTION = YES;
				GCC_WARN_UNUSED_VARIABLE = YES;
				IPHONEOS_DEPLOYMENT_TARGET = 9.2;
				MTL_ENABLE_DEBUG_INFO = NO;
				SDKROOT = iphoneos;
				TARGETED_DEVICE_FAMILY = "1,2";
				VALIDATE_PRODUCT = YES;
			};
			name = Release;
		};
		C5DD15961C297E9B009208ED /* Debug */ = {
			isa = XCBuildConfiguration;
			buildSettings = {
				ASSETCATALOG_COMPILER_APPICON_NAME = AppIcon;
				INFOPLIST_FILE = "pokedex-by-dec/Info.plist";
				LD_RUNPATH_SEARCH_PATHS = "$(inherited) @executable_path/Frameworks";
				PRODUCT_BUNDLE_IDENTIFIER = "com.declanau.pokedex-by-dec";
				PRODUCT_NAME = "$(TARGET_NAME)";
			};
			name = Debug;
		};
		C5DD15971C297E9B009208ED /* Release */ = {
			isa = XCBuildConfiguration;
			buildSettings = {
				ASSETCATALOG_COMPILER_APPICON_NAME = AppIcon;
				INFOPLIST_FILE = "pokedex-by-dec/Info.plist";
				LD_RUNPATH_SEARCH_PATHS = "$(inherited) @executable_path/Frameworks";
				PRODUCT_BUNDLE_IDENTIFIER = "com.declanau.pokedex-by-dec";
				PRODUCT_NAME = "$(TARGET_NAME)";
			};
			name = Release;
		};
/* End XCBuildConfiguration section */

/* Begin XCConfigurationList section */
		C5DD157E1C297E9B009208ED /* Build configuration list for PBXProject "pokedex-by-dec" */ = {
			isa = XCConfigurationList;
			buildConfigurations = (
				C5DD15931C297E9B009208ED /* Debug */,
				C5DD15941C297E9B009208ED /* Release */,
			);
			defaultConfigurationIsVisible = 0;
			defaultConfigurationName = Release;
		};
		C5DD15951C297E9B009208ED /* Build configuration list for PBXNativeTarget "pokedex-by-dec" */ = {
			isa = XCConfigurationList;
			buildConfigurations = (
				C5DD15961C297E9B009208ED /* Debug */,
				C5DD15971C297E9B009208ED /* Release */,
			);
			defaultConfigurationIsVisible = 0;
		};
/* End XCConfigurationList section */
	};
	rootObject = C5DD157B1C297E9B009208ED /* Project object */;
}
